
Microsoft Visual Studio Solution File, Format Version 12.00
# Visual Studio Version 17
VisualStudioVersion = 17.8.34525.116
MinimumVisualStudioVersion = 10.0.40219.1
Project("{FAE04EC0-301F-11D3-BF4B-00C04F79EFBC}") = "OnlineWebStore", "OnlineWebStore\OnlineWebStore.csproj", "{14CB0B4B-5D4F-43DC-A5CB-B11807A25811}"
EndProject
Global
	GlobalSection(SolutionConfigurationPlatforms) = preSolution
		Debug|Any CPU = Debug|Any CPU
		Release|Any CPU = Release|Any CPU
	EndGlobalSection
	GlobalSection(ProjectConfigurationPlatforms) = postSolution
		{14CB0B4B-5D4F-43DC-A5CB-B11807A25811}.Debug|Any CPU.ActiveCfg = Debug|Any CPU
		{14CB0B4B-5D4F-43DC-A5CB-B11807A25811}.Debug|Any CPU.Build.0 = Debug|Any CPU
		{14CB0B4B-5D4F-43DC-A5CB-B11807A25811}.Release|Any CPU.ActiveCfg = Release|Any CPU
		{14CB0B4B-5D4F-43DC-A5CB-B11807A25811}.Release|Any CPU.Build.0 = Release|Any CPU
	EndGlobalSection
	GlobalSection(SolutionProperties) = preSolution
		HideSolutionNode = FALSE
	EndGlobalSection
	GlobalSection(ExtensibilityGlobals) = postSolution
		SolutionGuid = {E390E187-A8FB-4D12-9530-03FD051B37C4}
	EndGlobalSection
EndGlobal
